{
  "nodes": {
    "flake-utils": {
      "inputs": {
        "systems": "systems"
      },
      "locked": {
        "lastModified": 1731533236,
        "narHash": "sha256-l0KFg5HjrsfsO/JpG+r7fRrqm12kzFHyUHqHCVpMMbI=",
        "owner": "numtide",
        "repo": "flake-utils",
        "rev": "11707dc2f618dd54ca8739b309ec4fc024de578b",
        "type": "github"
      },
      "original": {
        "owner": "numtide",
        "repo": "flake-utils",
        "type": "github"
      }
    },
    "flake-utils_2": {
      "inputs": {
        "systems": "systems_2"
      },
      "locked": {
        "lastModified": 1731533236,
        "narHash": "sha256-l0KFg5HjrsfsO/JpG+r7fRrqm12kzFHyUHqHCVpMMbI=",
        "owner": "numtide",
        "repo": "flake-utils",
        "rev": "11707dc2f618dd54ca8739b309ec4fc024de578b",
        "type": "github"
      },
      "original": {
        "owner": "numtide",
        "repo": "flake-utils",
        "type": "github"
      }
    },
    "nix-intel-xpu": {
      "inputs": {
        "flake-utils": "flake-utils_2",
        "nixpkgs": "nixpkgs",
        "sycl-tla-src": "sycl-tla-src",
        "vllm-xpu-kernels-src": "vllm-xpu-kernels-src"
      },
      "locked": {
        "narHash": "sha256-TrfR1dimZiEYOoXv5MMRUd8iNYDlpdeqIIcYIQtKc38=",
        "path": "/home/jasonbk/Projects/intellm/nix-intel-xpu",
        "type": "path"
      },
      "original": {
        "path": "/home/jasonbk/Projects/intellm/nix-intel-xpu",
        "type": "path"
      }
    },
    "nixpkgs": {
      "locked": {
        "lastModified": 1776877367,
        "narHash": "sha256-EHq1/OX139R1RvBzOJ0aMRT3xnWyqtHBRUBuO1gFzjI=",
        "owner": "NixOS",
        "repo": "nixpkgs",
        "rev": "0726a0ecb6d4e08f6adced58726b95db924cef57",
        "type": "github"
      },
      "original": {
        "owner": "NixOS",
        "ref": "nixos-unstable",
        "repo": "nixpkgs",
        "type": "github"
      }
    },
    "nixpkgs_2": {
      "locked": {
        "lastModified": 1776877367,
        "narHash": "sha256-EHq1/OX139R1RvBzOJ0aMRT3xnWyqtHBRUBuO1gFzjI=",
        "owner": "NixOS",
        "repo": "nixpkgs",
        "rev": "0726a0ecb6d4e08f6adced58726b95db924cef57",
        "type": "github"
      },
      "original": {
        "owner": "NixOS",
        "ref": "nixos-unstable",
        "repo": "nixpkgs",
        "type": "github"
      }
    },
    "root": {
      "inputs": {
        "flake-utils": "flake-utils",
        "nix-intel-xpu": "nix-intel-xpu",
        "nixpkgs": "nixpkgs_2",
        "server-bin-aicss": "server-bin-aicss"
      }
    },
    "server-bin-aicss": {
      "flake": false,
      "locked": {
        "narHash": "sha256-DJlqFSl3WyUjraXJBuvI00+Nfryfs+y0QlR6i+Ld04I=",
        "path": "/home/jasonbk/Projects/intellm/llamacpp-intel-arc/build-aicss/llama-pr-only/build/bin",
        "type": "path"
      },
      "original": {
        "path": "/home/jasonbk/Projects/intellm/llamacpp-intel-arc/build-aicss/llama-pr-only/build/bin",
        "type": "path"
      }
    },
    "sycl-tla-src": {
      "flake": false,
      "locked": {
        "lastModified": 1777015668,
        "narHash": "sha256-0JQAa6ZVmooC9fCoTtGKDHu5lvck1cmk5gmFntWB1Bo=",
        "owner": "intel",
        "repo": "sycl-tla",
        "rev": "622dde299c2b3b64ef7f3014349e028f17242e40",
        "type": "github"
      },
      "original": {
        "owner": "intel",
        "repo": "sycl-tla",
        "type": "github"
      }
    },
    "systems": {
      "locked": {
        "lastModified": 1681028828,
        "narHash": "sha256-Vy1rq5AaRuLzOxct8nz4T6wlgyUR7zLU309k9mBC768=",
        "owner": "nix-systems",
        "repo": "default",
        "rev": "da67096a3b9bf56a91d16901293e51ba5b49a27e",
        "type": "github"
      },
      "original": {
        "owner": "nix-systems",
        "repo": "default",
        "type": "github"
      }
    },
    "systems_2": {
      "locked": {
        "lastModified": 1681028828,
        "narHash": "sha256-Vy1rq5AaRuLzOxct8nz4T6wlgyUR7zLU309k9mBC768=",
        "owner": "nix-systems",
        "repo": "default",
        "rev": "da67096a3b9bf56a91d16901293e51ba5b49a27e",
        "type": "github"
      },
      "original": {
        "owner": "nix-systems",
        "repo": "default",
        "type": "github"
      }
    },
    "vllm-xpu-kernels-src": {
      "flake": false,
      "locked": {
        "lastModified": 1777016367,
        "narHash": "sha256-U41tqUhQxhxLISZNXQmUk29sFxGZPDnrqGdIYEDLFX4=",
        "owner": "vllm-project",
        "repo": "vllm-xpu-kernels",
        "rev": "c968ba947a4e1f70bd7b6de8c5caf8e63357c0b9",
        "type": "github"
      },
      "original": {
        "owner": "vllm-project",
        "repo": "vllm-xpu-kernels",
        "type": "github"
      }
    }
  },
  "root": "root",
  "version": 7
}
